
Microsoft Visual Studio Solution File, Format Version 12.00
# Visual Studio Version 17
VisualStudioVersion = 17.2.32217.417
MinimumVisualStudioVersion = 10.0.40219.1
Project("{FAE04EC0-301F-11D3-BF4B-00C04F79EFBC}") = "MapFileDict", "MapFileDict\MapFileDict.csproj", "{67524564-A664-4F30-8708-EA8644D5F775}"
EndProject
Project("{FAE04EC0-301F-11D3-BF4B-00C04F79EFBC}") = "MapFileDictTest", "MapFileDictTest\MapFileDictTest.csproj", "{BB032DF2-EBD8-44C3-B178-810522985298}"
EndProject
Project("{FAE04EC0-301F-11D3-BF4B-00C04F79EFBC}") = "MapFileUI", "MapFileUI\MapFileUI.csproj", "{5A56A140-3D9B-454D-8BA8-A8722B7820A8}"
EndProject
Project("{2150E333-8FDC-42A3-9474-1A3956D46DE8}") = "Solution Items", "Solution Items", "{592B6541-BDDF-4FAA-BDC4-53BE1081AF08}"
	ProjectSection(SolutionItems) = preProject
		README.md = README.md
	EndProjectSection
EndProject
Project("{FAE04EC0-301F-11D3-BF4B-00C04F79EFBC}") = "ConsoleAppTest", "ConsoleAppTest\ConsoleAppTest.csproj", "{ABCBAB0B-45FD-4996-A8DC-CDBB5CF2BCBC}"
EndProject
Project("{9A19103F-16F7-4668-BE54-9A1E7A4F7556}") = "MapHugeData", "MapHugeData\MapHugeData.csproj", "{AEAC79EC-E1B1-46CB-B28B-2FD5385E8011}"
EndProject
Project("{FAE04EC0-301F-11D3-BF4B-00C04F79EFBC}") = "TestCSWin32", "TestCSWin32\TestCSWin32.csproj", "{AF7C1D1B-E585-4458-BC81-AA510856DF46}"
EndProject
Project("{FAE04EC0-301F-11D3-BF4B-00C04F79EFBC}") = "Test64", "Test64\Test64.csproj", "{7AFA1DC9-B227-4E51-92F6-430A5208C30E}"
EndProject
Project("{FAE04EC0-301F-11D3-BF4B-00C04F79EFBC}") = "TestProject", "TestProject\TestProject.csproj", "{F536A0A4-4869-4D64-93E5-7CE2597BC2BF}"
EndProject
Global
	GlobalSection(SolutionConfigurationPlatforms) = preSolution
		Debug|Any CPU = Debug|Any CPU
		Release|Any CPU = Release|Any CPU
	EndGlobalSection
	GlobalSection(ProjectConfigurationPlatforms) = postSolution
		{67524564-A664-4F30-8708-EA8644D5F775}.Debug|Any CPU.ActiveCfg = Debug|Any CPU
		{67524564-A664-4F30-8708-EA8644D5F775}.Debug|Any CPU.Build.0 = Debug|Any CPU
		{67524564-A664-4F30-8708-EA8644D5F775}.Release|Any CPU.ActiveCfg = Release|Any CPU
		{67524564-A664-4F30-8708-EA8644D5F775}.Release|Any CPU.Build.0 = Release|Any CPU
		{BB032DF2-EBD8-44C3-B178-810522985298}.Debug|Any CPU.ActiveCfg = Debug|Any CPU
		{BB032DF2-EBD8-44C3-B178-810522985298}.Debug|Any CPU.Build.0 = Debug|Any CPU
		{BB032DF2-EBD8-44C3-B178-810522985298}.Release|Any CPU.ActiveCfg = Release|Any CPU
		{BB032DF2-EBD8-44C3-B178-810522985298}.Release|Any CPU.Build.0 = Release|Any CPU
		{5A56A140-3D9B-454D-8BA8-A8722B7820A8}.Debug|Any CPU.ActiveCfg = Debug|Any CPU
		{5A56A140-3D9B-454D-8BA8-A8722B7820A8}.Debug|Any CPU.Build.0 = Debug|Any CPU
		{5A56A140-3D9B-454D-8BA8-A8722B7820A8}.Release|Any CPU.ActiveCfg = Release|Any CPU
		{5A56A140-3D9B-454D-8BA8-A8722B7820A8}.Release|Any CPU.Build.0 = Release|Any CPU
		{ABCBAB0B-45FD-4996-A8DC-CDBB5CF2BCBC}.Debug|Any CPU.ActiveCfg = Debug|Any CPU
		{ABCBAB0B-45FD-4996-A8DC-CDBB5CF2BCBC}.Debug|Any CPU.Build.0 = Debug|Any CPU
		{ABCBAB0B-45FD-4996-A8DC-CDBB5CF2BCBC}.Release|Any CPU.ActiveCfg = Release|Any CPU
		{ABCBAB0B-45FD-4996-A8DC-CDBB5CF2BCBC}.Release|Any CPU.Build.0 = Release|Any CPU
		{AEAC79EC-E1B1-46CB-B28B-2FD5385E8011}.Debug|Any CPU.ActiveCfg = Debug|Any CPU
		{AEAC79EC-E1B1-46CB-B28B-2FD5385E8011}.Debug|Any CPU.Build.0 = Debug|Any CPU
		{AEAC79EC-E1B1-46CB-B28B-2FD5385E8011}.Release|Any CPU.ActiveCfg = Release|Any CPU
		{AEAC79EC-E1B1-46CB-B28B-2FD5385E8011}.Release|Any CPU.Build.0 = Release|Any CPU
		{AF7C1D1B-E585-4458-BC81-AA510856DF46}.Debug|Any CPU.ActiveCfg = Debug|Any CPU
		{AF7C1D1B-E585-4458-BC81-AA510856DF46}.Debug|Any CPU.Build.0 = Debug|Any CPU
		{AF7C1D1B-E585-4458-BC81-AA510856DF46}.Release|Any CPU.ActiveCfg = Release|Any CPU
		{AF7C1D1B-E585-4458-BC81-AA510856DF46}.Release|Any CPU.Build.0 = Release|Any CPU
		{7AFA1DC9-B227-4E51-92F6-430A5208C30E}.Debug|Any CPU.ActiveCfg = Debug|Any CPU
		{7AFA1DC9-B227-4E51-92F6-430A5208C30E}.Debug|Any CPU.Build.0 = Debug|Any CPU
		{7AFA1DC9-B227-4E51-92F6-430A5208C30E}.Release|Any CPU.ActiveCfg = Release|Any CPU
		{7AFA1DC9-B227-4E51-92F6-430A5208C30E}.Release|Any CPU.Build.0 = Release|Any CPU
		{F536A0A4-4869-4D64-93E5-7CE2597BC2BF}.Debug|Any CPU.ActiveCfg = Debug|Any CPU
		{F536A0A4-4869-4D64-93E5-7CE2597BC2BF}.Debug|Any CPU.Build.0 = Debug|Any CPU
		{F536A0A4-4869-4D64-93E5-7CE2597BC2BF}.Release|Any CPU.ActiveCfg = Release|Any CPU
		{F536A0A4-4869-4D64-93E5-7CE2597BC2BF}.Release|Any CPU.Build.0 = Release|Any CPU
	EndGlobalSection
	GlobalSection(SolutionProperties) = preSolution
		HideSolutionNode = FALSE
	EndGlobalSection
	GlobalSection(ExtensibilityGlobals) = postSolution
		SolutionGuid = {7CF2FCF2-161F-49B9-A8E2-99E2D5F99527}
	EndGlobalSection
EndGlobal
